
Microsoft Visual Studio Solution File, Format Version 12.00
# Visual Studio Version 16
VisualStudioVersion = 16.0.32510.428
MinimumVisualStudioVersion = 10.0.40219.1
Project("{9A19103F-16F7-4668-BE54-9A1E7A4F7556}") = "RasterConsole", "RasterConsole\RasterConsole.csproj", "{667FCE4E-04C4-49AF-A7DC-F49914F8BB29}"
EndProject
Project("{FAE04EC0-301F-11D3-BF4B-00C04F79EFBC}") = "RasterCore", "RasterCore\RasterCore.csproj", "{44063156-4905-4631-9CA3-537F8149F88D}"
EndProject
Project("{FAE04EC0-301F-11D3-BF4B-00C04F79EFBC}") = "RasterArc", "RasterArc\RasterArc.csproj", "{E3C7BE93-EB5F-4320-9A36-2BB77733222B}"
EndProject
Global
	GlobalSection(SolutionConfigurationPlatforms) = preSolution
		Debug|Any CPU = Debug|Any CPU
		Debug|x64 = Debug|x64
		Release|Any CPU = Release|Any CPU
		Release|x64 = Release|x64
	EndGlobalSection
	GlobalSection(ProjectConfigurationPlatforms) = postSolution
		{667FCE4E-04C4-49AF-A7DC-F49914F8BB29}.Debug|Any CPU.ActiveCfg = Debug|Any CPU
		{667FCE4E-04C4-49AF-A7DC-F49914F8BB29}.Debug|Any CPU.Build.0 = Debug|Any CPU
		{667FCE4E-04C4-49AF-A7DC-F49914F8BB29}.Debug|x64.ActiveCfg = Debug|Any CPU
		{667FCE4E-04C4-49AF-A7DC-F49914F8BB29}.Debug|x64.Build.0 = Debug|Any CPU
		{667FCE4E-04C4-49AF-A7DC-F49914F8BB29}.Release|Any CPU.ActiveCfg = Release|Any CPU
		{667FCE4E-04C4-49AF-A7DC-F49914F8BB29}.Release|Any CPU.Build.0 = Release|Any CPU
		{667FCE4E-04C4-49AF-A7DC-F49914F8BB29}.Release|x64.ActiveCfg = Debug|Any CPU
		{667FCE4E-04C4-49AF-A7DC-F49914F8BB29}.Release|x64.Build.0 = Debug|Any CPU
		{44063156-4905-4631-9CA3-537F8149F88D}.Debug|Any CPU.ActiveCfg = Debug|Any CPU
		{44063156-4905-4631-9CA3-537F8149F88D}.Debug|Any CPU.Build.0 = Debug|Any CPU
		{44063156-4905-4631-9CA3-537F8149F88D}.Debug|x64.ActiveCfg = Debug|Any CPU
		{44063156-4905-4631-9CA3-537F8149F88D}.Debug|x64.Build.0 = Debug|Any CPU
		{44063156-4905-4631-9CA3-537F8149F88D}.Release|Any CPU.ActiveCfg = Release|Any CPU
		{44063156-4905-4631-9CA3-537F8149F88D}.Release|Any CPU.Build.0 = Release|Any CPU
		{44063156-4905-4631-9CA3-537F8149F88D}.Release|x64.ActiveCfg = Debug|Any CPU
		{44063156-4905-4631-9CA3-537F8149F88D}.Release|x64.Build.0 = Debug|Any CPU
		{E3C7BE93-EB5F-4320-9A36-2BB77733222B}.Debug|Any CPU.ActiveCfg = Debug|x64
		{E3C7BE93-EB5F-4320-9A36-2BB77733222B}.Debug|x64.ActiveCfg = Debug|x64
		{E3C7BE93-EB5F-4320-9A36-2BB77733222B}.Debug|x64.Build.0 = Debug|x64
		{E3C7BE93-EB5F-4320-9A36-2BB77733222B}.Release|Any CPU.ActiveCfg = Release|x64
		{E3C7BE93-EB5F-4320-9A36-2BB77733222B}.Release|x64.ActiveCfg = Debug|x64
		{E3C7BE93-EB5F-4320-9A36-2BB77733222B}.Release|x64.Build.0 = Debug|x64
	EndGlobalSection
	GlobalSection(SolutionProperties) = preSolution
		HideSolutionNode = FALSE
	EndGlobalSection
	GlobalSection(ExtensibilityGlobals) = postSolution
		SolutionGuid = {D142AB13-B280-48B4-8ECC-0F0192B36FF7}
	EndGlobalSection
EndGlobal
